
Microsoft Visual Studio Solution File, Format Version 12.00
# Visual Studio Version 17
VisualStudioVersion = 17.3.32804.467
MinimumVisualStudioVersion = 10.0.40219.1
Project("{FAE04EC0-301F-11D3-BF4B-00C04F79EFBC}") = "lgsCallWebApiDll01", "lgsCallWebApiDll01\lgsCallWebApiDll01.csproj", "{06064812-BE94-4750-B92F-FB38C090F143}"
EndProject
Global
	GlobalSection(SolutionConfigurationPlatforms) = preSolution
		Debug|Any CPU = Debug|Any CPU
		Release|Any CPU = Release|Any CPU
	EndGlobalSection
	GlobalSection(ProjectConfigurationPlatforms) = postSolution
		{06064812-BE94-4750-B92F-FB38C090F143}.Debug|Any CPU.ActiveCfg = Debug|Any CPU
		{06064812-BE94-4750-B92F-FB38C090F143}.Debug|Any CPU.Build.0 = Debug|Any CPU
		{06064812-BE94-4750-B92F-FB38C090F143}.Release|Any CPU.ActiveCfg = Release|Any CPU
		{06064812-BE94-4750-B92F-FB38C090F143}.Release|Any CPU.Build.0 = Release|Any CPU
	EndGlobalSection
	GlobalSection(SolutionProperties) = preSolution
		HideSolutionNode = FALSE
	EndGlobalSection
	GlobalSection(ExtensibilityGlobals) = postSolution
		SolutionGuid = {42FBE919-F7BB-4244-A075-AABF35882C9A}
	EndGlobalSection
EndGlobal
